
Microsoft Visual Studio Solution File, Format Version 12.00
# Visual Studio Version 16
VisualStudioVersion = 16.0.29806.167
MinimumVisualStudioVersion = 10.0.40219.1
Project("{9A19103F-16F7-4668-BE54-9A1E7A4F7556}") = "SKShoeAndSports.Web", "SKShoeAndSports.Web\SKShoeAndSports.Web.csproj", "{D33AD814-8DFB-407C-895E-AA0B7E76BA27}"
EndProject
Project("{9A19103F-16F7-4668-BE54-9A1E7A4F7556}") = "SKShoeAndSports.Models", "SKShoeAndSports.Models\SKShoeAndSports.Models.csproj", "{5AF4B645-D803-44CE-8381-B31F0CBA2BC8}"
EndProject
Project("{9A19103F-16F7-4668-BE54-9A1E7A4F7556}") = "SKShoeAndSports.DataAccess", "SKShoeAndSports.DataAccess\SKShoeAndSports.DataAccess.csproj", "{4053B19D-7E7E-48AD-87D5-C43A18702383}"
EndProject
Project("{9A19103F-16F7-4668-BE54-9A1E7A4F7556}") = "SKShoeAndSports.Utility", "SKShoeAndSports.Utility\SKShoeAndSports.Utility.csproj", "{0338C6A3-B435-4636-BAA2-C13635B58263}"
EndProject
Project("{9A19103F-16F7-4668-BE54-9A1E7A4F7556}") = "SKShoeAndSports.Services", "SKShoeAndSports.Services\SKShoeAndSports.Services.csproj", "{E82A7006-97D3-4A0F-9541-8A27D33FE04C}"
EndProject
Project("{9A19103F-16F7-4668-BE54-9A1E7A4F7556}") = "SKShoeAndSports.Test", "SKShoeAndSports.Test\SKShoeAndSports.Test.csproj", "{BF3F6870-CF73-49A5-9AAC-02AFB374A0B8}"
EndProject
Project("{2150E333-8FDC-42A3-9474-1A3956D46DE8}") = "ReadMe", "ReadMe", "{E917B7C2-B22D-4AF9-9906-3B1279674BB4}"
	ProjectSection(SolutionItems) = preProject
		ReadMe.txt = ReadMe.txt
	EndProjectSection
EndProject
Global
	GlobalSection(SolutionConfigurationPlatforms) = preSolution
		Debug|Any CPU = Debug|Any CPU
		Release|Any CPU = Release|Any CPU
	EndGlobalSection
	GlobalSection(ProjectConfigurationPlatforms) = postSolution
		{D33AD814-8DFB-407C-895E-AA0B7E76BA27}.Debug|Any CPU.ActiveCfg = Debug|Any CPU
		{D33AD814-8DFB-407C-895E-AA0B7E76BA27}.Debug|Any CPU.Build.0 = Debug|Any CPU
		{D33AD814-8DFB-407C-895E-AA0B7E76BA27}.Release|Any CPU.ActiveCfg = Release|Any CPU
		{D33AD814-8DFB-407C-895E-AA0B7E76BA27}.Release|Any CPU.Build.0 = Release|Any CPU
		{5AF4B645-D803-44CE-8381-B31F0CBA2BC8}.Debug|Any CPU.ActiveCfg = Debug|Any CPU
		{5AF4B645-D803-44CE-8381-B31F0CBA2BC8}.Debug|Any CPU.Build.0 = Debug|Any CPU
		{5AF4B645-D803-44CE-8381-B31F0CBA2BC8}.Release|Any CPU.ActiveCfg = Release|Any CPU
		{5AF4B645-D803-44CE-8381-B31F0CBA2BC8}.Release|Any CPU.Build.0 = Release|Any CPU
		{4053B19D-7E7E-48AD-87D5-C43A18702383}.Debug|Any CPU.ActiveCfg = Debug|Any CPU
		{4053B19D-7E7E-48AD-87D5-C43A18702383}.Debug|Any CPU.Build.0 = Debug|Any CPU
		{4053B19D-7E7E-48AD-87D5-C43A18702383}.Release|Any CPU.ActiveCfg = Release|Any CPU
		{4053B19D-7E7E-48AD-87D5-C43A18702383}.Release|Any CPU.Build.0 = Release|Any CPU
		{0338C6A3-B435-4636-BAA2-C13635B58263}.Debug|Any CPU.ActiveCfg = Debug|Any CPU
		{0338C6A3-B435-4636-BAA2-C13635B58263}.Debug|Any CPU.Build.0 = Debug|Any CPU
		{0338C6A3-B435-4636-BAA2-C13635B58263}.Release|Any CPU.ActiveCfg = Release|Any CPU
		{0338C6A3-B435-4636-BAA2-C13635B58263}.Release|Any CPU.Build.0 = Release|Any CPU
		{E82A7006-97D3-4A0F-9541-8A27D33FE04C}.Debug|Any CPU.ActiveCfg = Debug|Any CPU
		{E82A7006-97D3-4A0F-9541-8A27D33FE04C}.Debug|Any CPU.Build.0 = Debug|Any CPU
		{E82A7006-97D3-4A0F-9541-8A27D33FE04C}.Release|Any CPU.ActiveCfg = Release|Any CPU
		{E82A7006-97D3-4A0F-9541-8A27D33FE04C}.Release|Any CPU.Build.0 = Release|Any CPU
		{BF3F6870-CF73-49A5-9AAC-02AFB374A0B8}.Debug|Any CPU.ActiveCfg = Debug|Any CPU
		{BF3F6870-CF73-49A5-9AAC-02AFB374A0B8}.Debug|Any CPU.Build.0 = Debug|Any CPU
		{BF3F6870-CF73-49A5-9AAC-02AFB374A0B8}.Release|Any CPU.ActiveCfg = Release|Any CPU
		{BF3F6870-CF73-49A5-9AAC-02AFB374A0B8}.Release|Any CPU.Build.0 = Release|Any CPU
	EndGlobalSection
	GlobalSection(SolutionProperties) = preSolution
		HideSolutionNode = FALSE
	EndGlobalSection
	GlobalSection(ExtensibilityGlobals) = postSolution
		SolutionGuid = {FF46DA79-9C07-4678-A587-8472D44E80A3}
	EndGlobalSection
EndGlobal
